Microsoft Visual Studio Solution File, Format Version 12.00
# Visual Studio Version 17
VisualStudioVersion = 17.5.2.0
MinimumVisualStudioVersion = 10.0.40219.1
Project("{FAE04EC0-301F-11D3-BF4B-00C04F79EFBC}") = "QCSimulator", "QCSimulator.csproj", "{6D0ED6F6-B04F-CEFD-A830-71F86136C9F4}"
EndProject
Global
	GlobalSection(SolutionConfigurationPlatforms) = preSolution
		Debug|Any CPU = Debug|Any CPU
		Release|Any CPU = Release|Any CPU
	EndGlobalSection
	GlobalSection(ProjectConfigurationPlatforms) = postSolution
		{6D0ED6F6-B04F-CEFD-A830-71F86136C9F4}.Debug|Any CPU.ActiveCfg = Debug|Any CPU
		{6D0ED6F6-B04F-CEFD-A830-71F86136C9F4}.Debug|Any CPU.Build.0 = Debug|Any CPU
		{6D0ED6F6-B04F-CEFD-A830-71F86136C9F4}.Release|Any CPU.ActiveCfg = Release|Any CPU
		{6D0ED6F6-B04F-CEFD-A830-71F86136C9F4}.Release|Any CPU.Build.0 = Release|Any CPU
	EndGlobalSection
	GlobalSection(SolutionProperties) = preSolution
		HideSolutionNode = FALSE
	EndGlobalSection
	GlobalSection(ExtensibilityGlobals) = postSolution
		SolutionGuid = {F20CB0C0-D42C-4BD6-BE17-7EF7427DE8D2}
	EndGlobalSection
EndGlobal
